// !$*UTF8*$!
{
	archiveVersion = 1;
	classes = {
	};
	objectVersion = 50;
	objects = {

/* Begin PBXBuildFile section */
		E208047322A9E6D400EB341A /* AppDelegate.swift in Sources */ = {isa = PBXBuildFile; fileRef = E208047222A9E6D400EB341A /* AppDelegate.swift */; };
		E208047522A9E6D400EB341A /* SceneDelegate.swift in Sources */ = {isa = PBXBuildFile; fileRef = E208047422A9E6D400EB341A /* SceneDelegate.swift */; };
		E208047722A9E6D400EB341A /* ContentView.swift in Sources */ = {isa = PBXBuildFile; fileRef = E208047622A9E6D400EB341A /* ContentView.swift */; };
		E208047922A9E6D600EB341A /* Assets.xcassets in Resources */ = {isa = PBXBuildFile; fileRef = E208047822A9E6D600EB341A /* Assets.xcassets */; };
		E208047C22A9E6D600EB341A /* Preview Assets.xcassets in Resources */ = {isa = PBXBuildFile; fileRef = E208047B22A9E6D600EB341A /* Preview Assets.xcassets */; };
		E208047F22A9E6D600EB341A /* LaunchScreen.storyboard in Resources */ = {isa = PBXBuildFile; fileRef = E208047D22A9E6D600EB341A /* LaunchScreen.storyboard */; };
		E208048A22A9E6D600EB341A /* LandmarksTests.swift in Sources */ = {isa = PBXBuildFile; fileRef = E208048922A9E6D600EB341A /* LandmarksTests.swift */; };
		E208049522A9E6D600EB341A /* LandmarksUITests.swift in Sources */ = {isa = PBXBuildFile; fileRef = E208049422A9E6D600EB341A /* LandmarksUITests.swift */; };
		E20804A322A9EC3400EB341A /* CircleImage.swift in Sources */ = {isa = PBXBuildFile; fileRef = E20804A222A9EC3400EB341A /* CircleImage.swift */; };
		E20804A522A9ED2200EB341A /* MapView.swift in Sources */ = {isa = PBXBuildFile; fileRef = E20804A422A9ED2200EB341A /* MapView.swift */; };
/* End PBXBuildFile section */

/* Begin PBXContainerItemProxy section */
		E208048622A9E6D600EB341A /* PBXContainerItemProxy */ = {
			isa = PBXContainerItemProxy;
			containerPortal = E208046722A9E6D400EB341A /* Project object */;
			proxyType = 1;
			remoteGlobalIDString = E208046E22A9E6D400EB341A;
			remoteInfo = Landmarks;
		};
		E208049122A9E6D600EB341A /* PBXContainerItemProxy */ = {
			isa = PBXContainerItemProxy;
			containerPortal = E208046722A9E6D400EB341A /* Project object */;
			proxyType = 1;
			remoteGlobalIDString = E208046E22A9E6D400EB341A;
			remoteInfo = Landmarks;
		};
/* End PBXContainerItemProxy section */

/* Begin PBXFileReference section */
		E208046F22A9E6D400EB341A /* Landmarks.app */ = {isa = PBXFileReference; explicitFileType = wrapper.application; includeInIndex = 0; path = Landmarks.app; sourceTree = BUILT_PRODUCTS_DIR; };
		E208047222A9E6D400EB341A /* AppDelegate.swift */ = {isa = PBXFileReference; lastKnownFileType = sourcecode.swift; path = AppDelegate.swift; sourceTree = "<group>"; };
		E208047422A9E6D400EB341A /* SceneDelegate.swift */ = {isa = PBXFileReference; lastKnownFileType = sourcecode.swift; path = SceneDelegate.swift; sourceTree = "<group>"; };
		E208047622A9E6D400EB341A /* ContentView.swift */ = {isa = PBXFileReference; lastKnownFileType = sourcecode.swift; path = ContentView.swift; sourceTree = "<group>"; };
		E208047822A9E6D600EB341A /* Assets.xcassets */ = {isa = PBXFileReference; lastKnownFileType = folder.assetcatalog; path = Assets.xcassets; sourceTree = "<group>"; };
		E208047B22A9E6D600EB341A /* Preview Assets.xcassets */ = {isa = PBXFileReference; lastKnownFileType = folder.assetcatalog; path = "Preview Assets.xcassets"; sourceTree = "<group>"; };
		E208047E22A9E6D600EB341A /* Base */ = {isa = PBXFileReference; lastKnownFileType = file.storyboard; name = Base; path = Base.lproj/LaunchScreen.storyboard; sourceTree = "<group>"; };
		E208048022A9E6D600EB341A /* Info.plist */ = {isa = PBXFileReference; lastKnownFileType = text.plist.xml; path = Info.plist; sourceTree = "<group>"; };
		E208048522A9E6D600EB341A /* LandmarksTests.xctest */ = {isa = PBXFileReference; explicitFileType = wrapper.cfbundle; includeInIndex = 0; path = LandmarksTests.xctest; sourceTree = BUILT_PRODUCTS_DIR; };
		E208048922A9E6D600EB341A /* LandmarksTests.swift */ = {isa = PBXFileReference; lastKnownFileType = sourcecode.swift; path = LandmarksTests.swift; sourceTree = "<group>"; };
		E208048B22A9E6D600EB341A /* Info.plist */ = {isa = PBXFileReference; lastKnownFileType = text.plist.xml; path = Info.plist; sourceTree = "<group>"; };
		E208049022A9E6D600EB341A /* LandmarksUITests.xctest */ = {isa = PBXFileReference; explicitFileType = wrapper.cfbundle; includeInIndex = 0; path = LandmarksUITests.xctest; sourceTree = BUILT_PRODUCTS_DIR; };
		E208049422A9E6D600EB341A /* LandmarksUITests.swift */ = {isa = PBXFileReference; lastKnownFileType = sourcecode.swift; path = LandmarksUITests.swift; sourceTree = "<group>"; };
		E208049622A9E6D600EB341A /* Info.plist */ = {isa = PBXFileReference; lastKnownFileType = text.plist.xml; path = Info.plist; sourceTree = "<group>"; };
		E20804A222A9EC3400EB341A /* CircleImage.swift */ = {isa = PBXFileReference; lastKnownFileType = sourcecode.swift; path = CircleImage.swift; sourceTree = "<group>"; };
		E20804A422A9ED2200EB341A /* MapView.swift */ = {isa = PBXFileReference; lastKnownFileType = sourcecode.swift; path = MapView.swift; sourceTree = "<group>"; };
/* End PBXFileReference section */

/* Begin PBXFrameworksBuildPhase section */
		E208046C22A9E6D400EB341A /* Frameworks */ = {
			isa = PBXFrameworksBuildPhase;
			buildActionMask = 2147483647;
			files = (
			);
			runOnlyForDeploymentPostprocessing = 0;
		};
		E208048222A9E6D600EB341A /* Frameworks */ = {
			isa = PBXFrameworksBuildPhase;
			buildActionMask = 2147483647;
			files = (
			);
			runOnlyForDeploymentPostprocessing = 0;
		};
		E208048D22A9E6D600EB341A /* Frameworks */ = {
			isa = PBXFrameworksBuildPhase;
			buildActionMask = 2147483647;
			files = (
			);
			runOnlyForDeploymentPostprocessing = 0;
		};
/* End PBXFrameworksBuildPhase section */

/* Begin PBXGroup section */
		E208046622A9E6D400EB341A = {
			isa = PBXGroup;
			children = (
				E208047122A9E6D400EB341A /* Landmarks */,
				E208048822A9E6D600EB341A /* LandmarksTests */,
				E208049322A9E6D600EB341A /* LandmarksUITests */,
				E208047022A9E6D400EB341A /* Products */,
			);
			sourceTree = "<group>";
		};
		E208047022A9E6D400EB341A /* Products */ = {
			isa = PBXGroup;
			children = (
				E208046F22A9E6D400EB341A /* Landmarks.app */,
				E208048522A9E6D600EB341A /* LandmarksTests.xctest */,
				E208049022A9E6D600EB341A /* LandmarksUITests.xctest */,
			);
			name = Products;
			sourceTree = "<group>";
		};
		E208047122A9E6D400EB341A /* Landmarks */ = {
			isa = PBXGroup;
			children = (
				E208047222A9E6D400EB341A /* AppDelegate.swift */,
				E208047422A9E6D400EB341A /* SceneDelegate.swift */,
				E208047622A9E6D400EB341A /* ContentView.swift */,
				E208047822A9E6D600EB341A /* Assets.xcassets */,
				E20804A222A9EC3400EB341A /* CircleImage.swift */,
				E20804A422A9ED2200EB341A /* MapView.swift */,
				E208047D22A9E6D600EB341A /* LaunchScreen.storyboard */,
				E208048022A9E6D600EB341A /* Info.plist */,
				E208047A22A9E6D600EB341A /* Preview Content */,
			);
			path = Landmarks;
			sourceTree = "<group>";
		};
		E208047A22A9E6D600EB341A /* Preview Content */ = {
			isa = PBXGroup;
			children = (
				E208047B22A9E6D600EB341A /* Preview Assets.xcassets */,
			);
			path = "Preview Content";
			sourceTree = "<group>";
		};
		E208048822A9E6D600EB341A /* LandmarksTests */ = {
			isa = PBXGroup;
			children = (
				E208048922A9E6D600EB341A /* LandmarksTests.swift */,
				E208048B22A9E6D600EB341A /* Info.plist */,
			);
			path = LandmarksTests;
			sourceTree = "<group>";
		};
		E208049322A9E6D600EB341A /* LandmarksUITests */ = {
			isa = PBXGroup;
			children = (
				E208049422A9E6D600EB341A /* LandmarksUITests.swift */,
				E208049622A9E6D600EB341A /* Info.plist */,
			);
			path = LandmarksUITests;
			sourceTree = "<group>";
		};
/* End PBXGroup section */

/* Begin PBXNativeTarget section */
		E208046E22A9E6D400EB341A /* Landmarks */ = {
			isa = PBXNativeTarget;
			buildConfigurationList = E208049922A9E6D600EB341A /* Build configuration list for PBXNativeTarget "Landmarks" */;
			buildPhases = (
				E208046B22A9E6D400EB341A /* Sources */,
				E208046C22A9E6D400EB341A /* Frameworks */,
				E208046D22A9E6D400EB341A /* Resources */,
			);
			buildRules = (
			);
			dependencies = (
			);
			name = Landmarks;
			productName = Landmarks;
			productReference = E208046F22A9E6D400EB341A /* Landmarks.app */;
			productType = "com.apple.product-type.application";
		};
		E208048422A9E6D600EB341A /* LandmarksTests */ = {
			isa = PBXNativeTarget;
			buildConfigurationList = E208049C22A9E6D600EB341A /* Build configuration list for PBXNativeTarget "LandmarksTests" */;
			buildPhases = (
				E208048122A9E6D600EB341A /* Sources */,
				E208048222A9E6D600EB341A /* Frameworks */,
				E208048322A9E6D600EB341A /* Resources */,
			);
			buildRules = (
			);
			dependencies = (
				E208048722A9E6D600EB341A /* PBXTargetDependency */,
			);
			name = LandmarksTests;
			productName = LandmarksTests;
			productReference = E208048522A9E6D600EB341A /* LandmarksTests.xctest */;
			productType = "com.apple.product-type.bundle.unit-test";
		};
		E208048F22A9E6D600EB341A /* LandmarksUITests */ = {
			isa = PBXNativeTarget;
			buildConfigurationList = E208049F22A9E6D600EB341A /* Build configuration list for PBXNativeTarget "LandmarksUITests" */;
			buildPhases = (
				E208048C22A9E6D600EB341A /* Sources */,
				E208048D22A9E6D600EB341A /* Frameworks */,
				E208048E22A9E6D600EB341A /* Resources */,
			);
			buildRules = (
			);
			dependencies = (
				E208049222A9E6D600EB341A /* PBXTargetDependency */,
			);
			name = LandmarksUITests;
			productName = LandmarksUITests;
			productReference = E208049022A9E6D600EB341A /* LandmarksUITests.xctest */;
			productType = "com.apple.product-type.bundle.ui-testing";
		};
/* End PBXNativeTarget section */

/* Begin PBXProject section */
		E208046722A9E6D400EB341A /* Project object */ = {
			isa = PBXProject;
			attributes = {
				LastSwiftUpdateCheck = 1100;
				LastUpgradeCheck = 1100;
				ORGANIZATIONNAME = "Tom Hartnett";
				TargetAttributes = {
					E208046E22A9E6D400EB341A = {
						CreatedOnToolsVersion = 11.0;
					};
					E208048422A9E6D600EB341A = {
						CreatedOnToolsVersion = 11.0;
						TestTargetID = E208046E22A9E6D400EB341A;
					};
					E208048F22A9E6D600EB341A = {
						CreatedOnToolsVersion = 11.0;
						TestTargetID = E208046E22A9E6D400EB341A;
					};
				};
			};
			buildConfigurationList = E208046A22A9E6D400EB341A /* Build configuration list for PBXProject "Landmarks" */;
			compatibilityVersion = "Xcode 9.3";
			developmentRegion = en;
			hasScannedForEncodings = 0;
			knownRegions = (
				en,
				Base,
			);
			mainGroup = E208046622A9E6D400EB341A;
			productRefGroup = E208047022A9E6D400EB341A /* Products */;
			projectDirPath = "";
			projectRoot = "";
			targets = (
				E208046E22A9E6D400EB341A /* Landmarks */,
				E208048422A9E6D600EB341A /* LandmarksTests */,
				E208048F22A9E6D600EB341A /* LandmarksUITests */,
			);
		};
/* End PBXProject section */

/* Begin PBXResourcesBuildPhase section */
		E208046D22A9E6D400EB341A /* Resources */ = {
			isa = PBXResourcesBuildPhase;
			buildActionMask = 2147483647;
			files = (
				E208047F22A9E6D600EB341A /* LaunchScreen.storyboard in Resources */,
				E208047C22A9E6D600EB341A /* Preview Assets.xcassets in Resources */,
				E208047922A9E6D600EB341A /* Assets.xcassets in Resources */,
			);
			runOnlyForDeploymentPostprocessing = 0;
		};
		E208048322A9E6D600EB341A /* Resources */ = {
			isa = PBXResourcesBuildPhase;
			buildActionMask = 2147483647;
			files = (
			);
			runOnlyForDeploymentPostprocessing = 0;
		};
		E208048E22A9E6D600EB341A /* Resources */ = {
			isa = PBXResourcesBuildPhase;
			buildActionMask = 2147483647;
			files = (
			);
			runOnlyForDeploymentPostprocessing = 0;
		};
/* End PBXResourcesBuildPhase section */

/* Begin PBXSourcesBuildPhase section */
		E208046B22A9E6D400EB341A /* Sources */ = {
			isa = PBXSourcesBuildPhase;
			buildActionMask = 2147483647;
			files = (
				E208047322A9E6D400EB341A /* AppDelegate.swift in Sources */,
				E20804A322A9EC3400EB341A /* CircleImage.swift in Sources */,
				E20804A522A9ED2200EB341A /* MapView.swift in Sources */,
				E208047522A9E6D400EB341A /* SceneDelegate.swift in Sources */,
				E208047722A9E6D400EB341A /* ContentView.swift in Sources */,
			);
			runOnlyForDeploymentPostprocessing = 0;
		};
		E208048122A9E6D600EB341A /* Sources */ = {
			isa = PBXSourcesBuildPhase;
			buildActionMask = 2147483647;
			files = (
				E208048A22A9E6D600EB341A /* LandmarksTests.swift in Sources */,
			);
			runOnlyForDeploymentPostprocessing = 0;
		};
		E208048C22A9E6D600EB341A /* Sources */ = {
			isa = PBXSourcesBuildPhase;
			buildActionMask = 2147483647;
			files = (
				E208049522A9E6D600EB341A /* LandmarksUITests.swift in Sources */,
			);
			runOnlyForDeploymentPostprocessing = 0;
		};
/* End PBXSourcesBuildPhase section */

/* Begin PBXTargetDependency section */
		E208048722A9E6D600EB341A /* PBXTargetDependency */ = {
			isa = PBXTargetDependency;
			target = E208046E22A9E6D400EB341A /* Landmarks */;
			targetProxy = E208048622A9E6D600EB341A /* PBXContainerItemProxy */;
		};
		E208049222A9E6D600EB341A /* PBXTargetDependency */ = {
			isa = PBXTargetDependency;
			target = E208046E22A9E6D400EB341A /* Landmarks */;
			targetProxy = E208049122A9E6D600EB341A /* PBXContainerItemProxy */;
		};
/* End PBXTargetDependency section */

/* Begin PBXVariantGroup section */
		E208047D22A9E6D600EB341A /* LaunchScreen.storyboard */ = {
			isa = PBXVariantGroup;
			children = (
				E208047E22A9E6D600EB341A /* Base */,
			);
			name = LaunchScreen.storyboard;
			sourceTree = "<group>";
		};
/* End PBXVariantGroup section */

/* Begin XCBuildConfiguration section */
		E208049722A9E6D600EB341A /* Debug */ = {
			isa = XCBuildConfiguration;
			buildSettings = {
				ALWAYS_SEARCH_USER_PATHS = NO;
				CLANG_ANALYZER_NONNULL = YES;
				CLANG_ANALYZER_NUMBER_OBJECT_CONVERSION = YES_AGGRESSIVE;
				CLANG_CXX_LANGUAGE_STANDARD = "gnu++14";
				CLANG_CXX_LIBRARY = "libc++";
				CLANG_ENABLE_MODULES = YES;
				CLANG_ENABLE_OBJC_ARC = YES;
				CLANG_ENABLE_OBJC_WEAK = YES;
				CLANG_WARN_BLOCK_CAPTURE_AUTORELEASING = YES;
				CLANG_WARN_BOOL_CONVERSION = YES;
				CLANG_WARN_COMMA = YES;
				CLANG_WARN_CONSTANT_CONVERSION = YES;
				CLANG_WARN_DEPRECATED_OBJC_IMPLEMENTATIONS = YES;
				CLANG_WARN_DIRECT_OBJC_ISA_USAGE = YES_ERROR;
				CLANG_WARN_DOCUMENTATION_COMMENTS = YES;
				CLANG_WARN_EMPTY_BODY = YES;
				CLANG_WARN_ENUM_CONVERSION = YES;
				CLANG_WARN_INFINITE_RECURSION = YES;
				CLANG_WARN_INT_CONVERSION = YES;
				CLANG_WARN_NON_LITERAL_NULL_CONVERSION = YES;
				CLANG_WARN_OBJC_IMPLICIT_RETAIN_SELF = YES;
				CLANG_WARN_OBJC_LITERAL_CONVERSION = YES;
				CLANG_WARN_OBJC_ROOT_CLASS = YES_ERROR;
				CLANG_WARN_RANGE_LOOP_ANALYSIS = YES;
				CLANG_WARN_STRICT_PROTOTYPES = YES;
				CLANG_WARN_SUSPICIOUS_MOVE = YES;
				CLANG_WARN_UNGUARDED_AVAILABILITY = YES_AGGRESSIVE;
				CLANG_WARN_UNREACHABLE_CODE = YES;
				CLANG_WARN__DUPLICATE_METHOD_MATCH = YES;
				COPY_PHASE_STRIP = NO;
				DEBUG_INFORMATION_FORMAT = dwarf;
				ENABLE_STRICT_OBJC_MSGSEND = YES;
				ENABLE_TESTABILITY = YES;
				GCC_C_LANGUAGE_STANDARD = gnu11;
				GCC_DYNAMIC_NO_PIC = NO;
				GCC_NO_COMMON_BLOCKS = YES;
				GCC_OPTIMIZATION_LEVEL = 0;
				GCC_PREPROCESSOR_DEFINITIONS = (
					"DEBUG=1",
					"$(inherited)",
				);
				GCC_WARN_64_TO_32_BIT_CONVERSION = YES;
				GCC_WARN_ABOUT_RETURN_TYPE = YES_ERROR;
				GCC_WARN_UNDECLARED_SELECTOR = YES;
				GCC_WARN_UNINITIALIZED_AUTOS = YES_AGGRESSIVE;
				GCC_WARN_UNUSED_FUNCTION = YES;
				GCC_WARN_UNUSED_VARIABLE = YES;
				IPHONEOS_DEPLOYMENT_TARGET = 13.0;
				MTL_ENABLE_DEBUG_INFO = INCLUDE_SOURCE;
				MTL_FAST_MATH = YES;
				ONLY_ACTIVE_ARCH = YES;
				SDKROOT = iphoneos;
				SWIFT_ACTIVE_COMPILATION_CONDITIONS = DEBUG;
				SWIFT_OPTIMIZATION_LEVEL = "-Onone";
			};
			name = Debug;
		};
		E208049822A9E6D600EB341A /* Release */ = {
			isa = XCBuildConfiguration;
			buildSettings = {
				ALWAYS_SEARCH_USER_PATHS = NO;
				CLANG_ANALYZER_NONNULL = YES;
				CLANG_ANALYZER_NUMBER_OBJECT_CONVERSION = YES_AGGRESSIVE;
				CLANG_CXX_LANGUAGE_STANDARD = "gnu++14";
				CLANG_CXX_LIBRARY = "libc++";
				CLANG_ENABLE_MODULES = YES;
				CLANG_ENABLE_OBJC_ARC = YES;
				CLANG_ENABLE_OBJC_WEAK = YES;
				CLANG_WARN_BLOCK_CAPTURE_AUTORELEASING = YES;
				CLANG_WARN_BOOL_CONVERSION = YES;
				CLANG_WARN_COMMA = YES;
				CLANG_WARN_CONSTANT_CONVERSION = YES;
				CLANG_WARN_DEPRECATED_OBJC_IMPLEMENTATIONS = YES;
				CLANG_WARN_DIRECT_OBJC_ISA_USAGE = YES_ERROR;
				CLANG_WARN_DOCUMENTATION_COMMENTS = YES;
				CLANG_WARN_EMPTY_BODY = YES;
				CLANG_WARN_ENUM_CONVERSION = YES;
				CLANG_WARN_INFINITE_RECURSION = YES;
				CLANG_WARN_INT_CONVERSION = YES;
				CLANG_WARN_NON_LITERAL_NULL_CONVERSION = YES;
				CLANG_WARN_OBJC_IMPLICIT_RETAIN_SELF = YES;
				CLANG_WARN_OBJC_LITERAL_CONVERSION = YES;
				CLANG_WARN_OBJC_ROOT_CLASS = YES_ERROR;
				CLANG_WARN_RANGE_LOOP_ANALYSIS = YES;
				CLANG_WARN_STRICT_PROTOTYPES = YES;
				CLANG_WARN_SUSPICIOUS_MOVE = YES;
				CLANG_WARN_UNGUARDED_AVAILABILITY = YES_AGGRESSIVE;
				CLANG_WARN_UNREACHABLE_CODE = YES;
				CLANG_WARN__DUPLICATE_METHOD_MATCH = YES;
				COPY_PHASE_STRIP = NO;
				DEBUG_INFORMATION_FORMAT = "dwarf-with-dsym";
				ENABLE_NS_ASSERTIONS = NO;
				ENABLE_STRICT_OBJC_MSGSEND = YES;
				GCC_C_LANGUAGE_STANDARD = gnu11;
				GCC_NO_COMMON_BLOCKS = YES;
				GCC_WARN_64_TO_32_BIT_CONVERSION = YES;
				GCC_WARN_ABOUT_RETURN_TYPE = YES_ERROR;
				GCC_WARN_UNDECLARED_SELECTOR = YES;
				GCC_WARN_UNINITIALIZED_AUTOS = YES_AGGRESSIVE;
				GCC_WARN_UNUSED_FUNCTION = YES;
				GCC_WARN_UNUSED_VARIABLE = YES;
				IPHONEOS_DEPLOYMENT_TARGET = 13.0;
				MTL_ENABLE_DEBUG_INFO = NO;
				MTL_FAST_MATH = YES;
				SDKROOT = iphoneos;
				SWIFT_COMPILATION_MODE = wholemodule;
				SWIFT_OPTIMIZATION_LEVEL = "-O";
				VALIDATE_PRODUCT = YES;
			};
			name = Release;
		};
		E208049A22A9E6D600EB341A /* Debug */ = {
			isa = XCBuildConfiguration;
			buildSettings = {
				ASSETCATALOG_COMPILER_APPICON_NAME = AppIcon;
				CODE_SIGN_STYLE = Automatic;
				DEVELOPMENT_ASSET_PATHS = "Landmarks/Preview\\ Content";
				DEVELOPMENT_TEAM = 25V97QMNV5;
				ENABLE_PREVIEWS = YES;
				INFOPLIST_FILE = Landmarks/Info.plist;
				LD_RUNPATH_SEARCH_PATHS = (
					"$(inherited)",
					"@executable_path/Frameworks",
				);
				PRODUCT_BUNDLE_IDENTIFIER = com.sleekible.Landmarks;
				PRODUCT_NAME = "$(TARGET_NAME)";
				SWIFT_VERSION = 5.0;
				TARGETED_DEVICE_FAMILY = "1,2";
			};
			name = Debug;
		};
		E208049B22A9E6D600EB341A /* Release */ = {
			isa = XCBuildConfiguration;
			buildSettings = {
				ASSETCATALOG_COMPILER_APPICON_NAME = AppIcon;
				CODE_SIGN_STYLE = Automatic;
				DEVELOPMENT_ASSET_PATHS = "Landmarks/Preview\\ Content";
				DEVELOPMENT_TEAM = 25V97QMNV5;
				ENABLE_PREVIEWS = YES;
				INFOPLIST_FILE = Landmarks/Info.plist;
				LD_RUNPATH_SEARCH_PATHS = (
					"$(inherited)",
					"@executable_path/Frameworks",
				);
				PRODUCT_BUNDLE_IDENTIFIER = com.sleekible.Landmarks;
				PRODUCT_NAME = "$(TARGET_NAME)";
				SWIFT_VERSION = 5.0;
				TARGETED_DEVICE_FAMILY = "1,2";
			};
			name = Release;
		};
		E208049D22A9E6D600EB341A /* Debug */ = {
			isa = XCBuildConfiguration;
			buildSettings = {
				ALWAYS_EMBED_SWIFT_STANDARD_LIBRARIES = YES;
				BUNDLE_LOADER = "$(TEST_HOST)";
				CODE_SIGN_STYLE = Automatic;
				DEVELOPMENT_TEAM = 25V97QMNV5;
				INFOPLIST_FILE = LandmarksTests/Info.plist;
				LD_RUNPATH_SEARCH_PATHS = (
					"$(inherited)",
					"@executable_path/Frameworks",
					"@loader_path/Frameworks",
				);
				PRODUCT_BUNDLE_IDENTIFIER = com.sleekible.LandmarksTests;
				PRODUCT_NAME = "$(TARGET_NAME)";
				SWIFT_VERSION = 5.0;
				TARGETED_DEVICE_FAMILY = "1,2";
				TEST_HOST = "$(BUILT_PRODUCTS_DIR)/Landmarks.app/Landmarks";
			};
			name = Debug;
		};
		E208049E22A9E6D600EB341A /* Release */ = {
			isa = XCBuildConfiguration;
			buildSettings = {
				ALWAYS_EMBED_SWIFT_STANDARD_LIBRARIES = YES;
				BUNDLE_LOADER = "$(TEST_HOST)";
				CODE_SIGN_STYLE = Automatic;
				DEVELOPMENT_TEAM = 25V97QMNV5;
				INFOPLIST_FILE = LandmarksTests/Info.plist;
				LD_RUNPATH_SEARCH_PATHS = (
					"$(inherited)",
					"@executable_path/Frameworks",
					"@loader_path/Frameworks",
				);
				PRODUCT_BUNDLE_IDENTIFIER = com.sleekible.LandmarksTests;
				PRODUCT_NAME = "$(TARGET_NAME)";
				SWIFT_VERSION = 5.0;
				TARGETED_DEVICE_FAMILY = "1,2";
				TEST_HOST = "$(BUILT_PRODUCTS_DIR)/Landmarks.app/Landmarks";
			};
			name = Release;
		};
		E20804A022A9E6D600EB341A /* Debug */ = {
			isa = XCBuildConfiguration;
			buildSettings = {
				ALWAYS_EMBED_SWIFT_STANDARD_LIBRARIES = YES;
				CODE_SIGN_STYLE = Automatic;
				DEVELOPMENT_TEAM = 25V97QMNV5;
				INFOPLIST_FILE = LandmarksUITests/Info.plist;
				LD_RUNPATH_SEARCH_PATHS = (
					"$(inherited)",
					"@executable_path/Frameworks",
					"@loader_path/Frameworks",
				);
				PRODUCT_BUNDLE_IDENTIFIER = com.sleekible.LandmarksUITests;
				PRODUCT_NAME = "$(TARGET_NAME)";
				SWIFT_VERSION = 5.0;
				TARGETED_DEVICE_FAMILY = "1,2";
				TEST_TARGET_NAME = Landmarks;
			};
			name = Debug;
		};
		E20804A122A9E6D600EB341A /* Release */ = {
			isa = XCBuildConfiguration;
			buildSettings = {
				ALWAYS_EMBED_SWIFT_STANDARD_LIBRARIES = YES;
				CODE_SIGN_STYLE = Automatic;
				DEVELOPMENT_TEAM = 25V97QMNV5;
				INFOPLIST_FILE = LandmarksUITests/Info.plist;
				LD_RUNPATH_SEARCH_PATHS = (
					"$(inherited)",
					"@executable_path/Frameworks",
					"@loader_path/Frameworks",
				);
				PRODUCT_BUNDLE_IDENTIFIER = com.sleekible.LandmarksUITests;
				PRODUCT_NAME = "$(TARGET_NAME)";
				SWIFT_VERSION = 5.0;
				TARGETED_DEVICE_FAMILY = "1,2";
				TEST_TARGET_NAME = Landmarks;
			};
			name = Release;
		};
/* End XCBuildConfiguration section */

/* Begin XCConfigurationList section */
		E208046A22A9E6D400EB341A /* Build configuration list for PBXProject "Landmarks" */ = {
			isa = XCConfigurationList;
			buildConfigurations = (
				E208049722A9E6D600EB341A /* Debug */,
				E208049822A9E6D600EB341A /* Release */,
			);
			defaultConfigurationIsVisible = 0;
			defaultConfigurationName = Release;
		};
		E208049922A9E6D600EB341A /* Build configuration list for PBXNativeTarget "Landmarks" */ = {
			isa = XCConfigurationList;
			buildConfigurations = (
				E208049A22A9E6D600EB341A /* Debug */,
				E208049B22A9E6D600EB341A /* Release */,
			);
			defaultConfigurationIsVisible = 0;
			defaultConfigurationName = Release;
		};
		E208049C22A9E6D600EB341A /* Build configuration list for PBXNativeTarget "LandmarksTests" */ = {
			isa = XCConfigurationList;
			buildConfigurations = (
				E208049D22A9E6D600EB341A /* Debug */,
				E208049E22A9E6D600EB341A /* Release */,
			);
			defaultConfigurationIsVisible = 0;
			defaultConfigurationName = Release;
		};
		E208049F22A9E6D600EB341A /* Build configuration list for PBXNativeTarget "LandmarksUITests" */ = {
			isa = XCConfigurationList;
			buildConfigurations = (
				E20804A022A9E6D600EB341A /* Debug */,
				E20804A122A9E6D600EB341A /* Release */,
			);
			defaultConfigurationIsVisible = 0;
			defaultConfigurationName = Release;
		};
/* End XCConfigurationList section */
	};
	rootObject = E208046722A9E6D400EB341A /* Project object */;
}
